{
  "name": "lg-workspace",
  "lockfileVersion": 3,
  "requires": true,
  "packages": {
    "": {
      "name": "lg-workspace",
      "dependencies": {
        "@mdream/js": "1.7.2"
      }
    },
    "node_modules/@mdream/js": {
      "version": "1.7.2",
      "resolved": "https://registry.npmjs.org/@mdream/js/-/js-1.7.2.tgz",
      "integrity": "sha512-NiihQ8D6btMFN03ZRHdev/zXAQvyjf9joQsZRjwu3Z2nS9Dm03sofPWhHB5CiwKw2Z6bHdx5I9ShAgyUU6yElA==",
      "license": "MIT",
      "dependencies": {
        "cac": "^7.0.0",
        "pathe": "^2.0.3"
      },
      "bin": {
        "mdream-js": "bin/mdream.mjs"
      }
    },
    "node_modules/cac": {
      "version": "7.0.0",
      "resolved": "https://registry.npmjs.org/cac/-/cac-7.0.0.tgz",
      "integrity": "sha512-tixWYgm5ZoOD+3g6UTea91eow5z6AAHaho3g0V9CNSNb45gM8SmflpAc+GRd1InC4AqN/07Unrgp56Y94N9hJQ==",
      "license": "MIT",
      "engines": {
        "node": ">=20.19.0"
      }
    },
    "node_modules/pathe": {
      "version": "2.0.3",
      "resolved": "https://registry.npmjs.org/pathe/-/pathe-2.0.3.tgz",
      "integrity": "sha512-WUjGcAqP1gQacoQe+OBJsFA7Ld4DyXuUIjZ5cc75cLHvJ7dtNsTugphxIADwspS+AraAUePCKrSVtPLFj/F88w==",
      "license": "MIT"
    }
  }
}
